// !$*UTF8*$!
{
	archiveVersion = 1;
	classes = {
	};
	objectVersion = 56;
	objects = {

/* Begin PBXBuildFile section */
		3A767DD8298FD90000693D04 /* AppDelegate.swift in Sources */ = {isa = PBXBuildFile; fileRef = 3A767DD7298FD90000693D04 /* AppDelegate.swift */; };
		3A767DDA298FD90000693D04 /* SceneDelegate.swift in Sources */ = {isa = PBXBuildFile; fileRef = 3A767DD9298FD90000693D04 /* SceneDelegate.swift */; };
		3A767DDC298FD90000693D04 /* MainViewController.swift in Sources */ = {isa = PBXBuildFile; fileRef = 3A767DDB298FD90000693D04 /* MainViewController.swift */; };
		3A767DDF298FD90000693D04 /* Main.storyboard in Resources */ = {isa = PBXBuildFile; fileRef = 3A767DDD298FD90000693D04 /* Main.storyboard */; };
		3A767DE1298FD90100693D04 /* Assets.xcassets in Resources */ = {isa = PBXBuildFile; fileRef = 3A767DE0298FD90100693D04 /* Assets.xcassets */; };
		3A767DE4298FD90100693D04 /* LaunchScreen.storyboard in Resources */ = {isa = PBXBuildFile; fileRef = 3A767DE2298FD90100693D04 /* LaunchScreen.storyboard */; };
		3A767DEE2990030C00693D04 /* SearchViewController.swift in Sources */ = {isa = PBXBuildFile; fileRef = 3A767DED2990030C00693D04 /* SearchViewController.swift */; };
		3A767DF02990063700693D04 /* DetailViewController.swift in Sources */ = {isa = PBXBuildFile; fileRef = 3A767DEF2990063700693D04 /* DetailViewController.swift */; };
		3A767DF6299006F100693D04 /* MainPresenter.swift in Sources */ = {isa = PBXBuildFile; fileRef = 3A767DF5299006F100693D04 /* MainPresenter.swift */; };
		3A767DF82990085B00693D04 /* DetailPresenter.swift in Sources */ = {isa = PBXBuildFile; fileRef = 3A767DF72990085B00693D04 /* DetailPresenter.swift */; };
		3A767DFA2990086800693D04 /* SearchPresenter.swift in Sources */ = {isa = PBXBuildFile; fileRef = 3A767DF92990086800693D04 /* SearchPresenter.swift */; };
		414C85BA436499B7C4CD9901 /* Pods_WeatherApp.framework in Frameworks */ = {isa = PBXBuildFile; fileRef = A304AB092CF48AF8A8A57E2E /* Pods_WeatherApp.framework */; };
/* End PBXBuildFile section */

/* Begin PBXFileReference section */
		1F1731F5AAAFA5E25AD31B9B /* Pods-WeatherApp.release.xcconfig */ = {isa = PBXFileReference; includeInIndex = 1; lastKnownFileType = text.xcconfig; name = "Pods-WeatherApp.release.xcconfig"; path = "Target Support Files/Pods-WeatherApp/Pods-WeatherApp.release.xcconfig"; sourceTree = "<group>"; };
		3A767DD4298FD8FF00693D04 /* WeatherApp.app */ = {isa = PBXFileReference; explicitFileType = wrapper.application; includeInIndex = 0; path = WeatherApp.app; sourceTree = BUILT_PRODUCTS_DIR; };
		3A767DD7298FD90000693D04 /* AppDelegate.swift */ = {isa = PBXFileReference; lastKnownFileType = sourcecode.swift; path = AppDelegate.swift; sourceTree = "<group>"; };
		3A767DD9298FD90000693D04 /* SceneDelegate.swift */ = {isa = PBXFileReference; lastKnownFileType = sourcecode.swift; path = SceneDelegate.swift; sourceTree = "<group>"; };
		3A767DDB298FD90000693D04 /* MainViewController.swift */ = {isa = PBXFileReference; lastKnownFileType = sourcecode.swift; path = MainViewController.swift; sourceTree = "<group>"; };
		3A767DDE298FD90000693D04 /* Base */ = {isa = PBXFileReference; lastKnownFileType = file.storyboard; name = Base; path = Base.lproj/Main.storyboard; sourceTree = "<group>"; };
		3A767DE0298FD90100693D04 /* Assets.xcassets */ = {isa = PBXFileReference; lastKnownFileType = folder.assetcatalog; path = Assets.xcassets; sourceTree = "<group>"; };
		3A767DE3298FD90100693D04 /* Base */ = {isa = PBXFileReference; lastKnownFileType = file.storyboard; name = Base; path = Base.lproj/LaunchScreen.storyboard; sourceTree = "<group>"; };
		3A767DE5298FD90100693D04 /* Info.plist */ = {isa = PBXFileReference; lastKnownFileType = text.plist.xml; path = Info.plist; sourceTree = "<group>"; };
		3A767DED2990030C00693D04 /* SearchViewController.swift */ = {isa = PBXFileReference; lastKnownFileType = sourcecode.swift; path = SearchViewController.swift; sourceTree = "<group>"; };
		3A767DEF2990063700693D04 /* DetailViewController.swift */ = {isa = PBXFileReference; lastKnownFileType = sourcecode.swift; path = DetailViewController.swift; sourceTree = "<group>"; };
		3A767DF5299006F100693D04 /* MainPresenter.swift */ = {isa = PBXFileReference; lastKnownFileType = sourcecode.swift; path = MainPresenter.swift; sourceTree = "<group>"; };
		3A767DF72990085B00693D04 /* DetailPresenter.swift */ = {isa = PBXFileReference; lastKnownFileType = sourcecode.swift; path = DetailPresenter.swift; sourceTree = "<group>"; };
		3A767DF92990086800693D04 /* SearchPresenter.swift */ = {isa = PBXFileReference; lastKnownFileType = sourcecode.swift; path = SearchPresenter.swift; sourceTree = "<group>"; };
		79A3C0E1EA51DF6C14B171D7 /* Pods-WeatherApp.debug.xcconfig */ = {isa = PBXFileReference; includeInIndex = 1; lastKnownFileType = text.xcconfig; name = "Pods-WeatherApp.debug.xcconfig"; path = "Target Support Files/Pods-WeatherApp/Pods-WeatherApp.debug.xcconfig"; sourceTree = "<group>"; };
		A304AB092CF48AF8A8A57E2E /* Pods_WeatherApp.framework */ = {isa = PBXFileReference; explicitFileType = wrapper.framework; includeInIndex = 0; path = Pods_WeatherApp.framework; sourceTree = BUILT_PRODUCTS_DIR; };
/* End PBXFileReference section */

/* Begin PBXFrameworksBuildPhase section */
		3A767DD1298FD8FF00693D04 /* Frameworks */ = {
			isa = PBXFrameworksBuildPhase;
			buildActionMask = 2147483647;
			files = (
				414C85BA436499B7C4CD9901 /* Pods_WeatherApp.framework in Frameworks */,
			);
			runOnlyForDeploymentPostprocessing = 0;
		};
/* End PBXFrameworksBuildPhase section */

/* Begin PBXGroup section */
		1224FF47327C1A4521B7B757 /* Pods */ = {
			isa = PBXGroup;
			children = (
				79A3C0E1EA51DF6C14B171D7 /* Pods-WeatherApp.debug.xcconfig */,
				1F1731F5AAAFA5E25AD31B9B /* Pods-WeatherApp.release.xcconfig */,
			);
			name = Pods;
			path = Pods;
			sourceTree = "<group>";
		};
		3A767DCB298FD8FF00693D04 = {
			isa = PBXGroup;
			children = (
				3A767DD6298FD90000693D04 /* WeatherApp */,
				3A767DD5298FD8FF00693D04 /* Products */,
				1224FF47327C1A4521B7B757 /* Pods */,
				BF29FCA6388B89121E2799AC /* Frameworks */,
			);
			sourceTree = "<group>";
		};
		3A767DD5298FD8FF00693D04 /* Products */ = {
			isa = PBXGroup;
			children = (
				3A767DD4298FD8FF00693D04 /* WeatherApp.app */,
			);
			name = Products;
			sourceTree = "<group>";
		};
		3A767DD6298FD90000693D04 /* WeatherApp */ = {
			isa = PBXGroup;
			children = (
				3A767DD7298FD90000693D04 /* AppDelegate.swift */,
				3A767DD9298FD90000693D04 /* SceneDelegate.swift */,
				3A767DF12990069B00693D04 /* Module */,
				3A767DDD298FD90000693D04 /* Main.storyboard */,
				3A767DE2298FD90100693D04 /* LaunchScreen.storyboard */,
				3A767DE0298FD90100693D04 /* Assets.xcassets */,
				3A767DE5298FD90100693D04 /* Info.plist */,
			);
			path = WeatherApp;
			sourceTree = "<group>";
		};
		3A767DF12990069B00693D04 /* Module */ = {
			isa = PBXGroup;
			children = (
				3A767DF4299006C800693D04 /* Detail */,
				3A767DF3299006BD00693D04 /* Search */,
				3A767DF2299006A800693D04 /* Main */,
			);
			path = Module;
			sourceTree = "<group>";
		};
		3A767DF2299006A800693D04 /* Main */ = {
			isa = PBXGroup;
			children = (
				3A767DDB298FD90000693D04 /* MainViewController.swift */,
				3A767DF5299006F100693D04 /* MainPresenter.swift */,
			);
			path = Main;
			sourceTree = "<group>";
		};
		3A767DF3299006BD00693D04 /* Search */ = {
			isa = PBXGroup;
			children = (
				3A767DED2990030C00693D04 /* SearchViewController.swift */,
				3A767DF92990086800693D04 /* SearchPresenter.swift */,
			);
			path = Search;
			sourceTree = "<group>";
		};
		3A767DF4299006C800693D04 /* Detail */ = {
			isa = PBXGroup;
			children = (
				3A767DEF2990063700693D04 /* DetailViewController.swift */,
				3A767DF72990085B00693D04 /* DetailPresenter.swift */,
			);
			path = Detail;
			sourceTree = "<group>";
		};
		BF29FCA6388B89121E2799AC /* Frameworks */ = {
			isa = PBXGroup;
			children = (
				A304AB092CF48AF8A8A57E2E /* Pods_WeatherApp.framework */,
			);
			name = Frameworks;
			sourceTree = "<group>";
		};
/* End PBXGroup section */

/* Begin PBXNativeTarget section */
		3A767DD3298FD8FF00693D04 /* WeatherApp */ = {
			isa = PBXNativeTarget;
			buildConfigurationList = 3A767DE8298FD90100693D04 /* Build configuration list for PBXNativeTarget "WeatherApp" */;
			buildPhases = (
				C9864C82B0976C666593C742 /* [CP] Check Pods Manifest.lock */,
				3A767DD0298FD8FF00693D04 /* Sources */,
				3A767DD1298FD8FF00693D04 /* Frameworks */,
				3A767DD2298FD8FF00693D04 /* Resources */,
			);
			buildRules = (
			);
			dependencies = (
			);
			name = WeatherApp;
			productName = WeatherApp;
			productReference = 3A767DD4298FD8FF00693D04 /* WeatherApp.app */;
			productType = "com.apple.product-type.application";
		};
/* End PBXNativeTarget section */

/* Begin PBXProject section */
		3A767DCC298FD8FF00693D04 /* Project object */ = {
			isa = PBXProject;
			attributes = {
				BuildIndependentTargetsInParallel = 1;
				LastSwiftUpdateCheck = 1420;
				LastUpgradeCheck = 1420;
				TargetAttributes = {
					3A767DD3298FD8FF00693D04 = {
						CreatedOnToolsVersion = 14.2;
					};
				};
			};
			buildConfigurationList = 3A767DCF298FD8FF00693D04 /* Build configuration list for PBXProject "WeatherApp" */;
			compatibilityVersion = "Xcode 14.0";
			developmentRegion = en;
			hasScannedForEncodings = 0;
			knownRegions = (
				en,
				Base,
			);
			mainGroup = 3A767DCB298FD8FF00693D04;
			productRefGroup = 3A767DD5298FD8FF00693D04 /* Products */;
			projectDirPath = "";
			projectRoot = "";
			targets = (
				3A767DD3298FD8FF00693D04 /* WeatherApp */,
			);
		};
/* End PBXProject section */

/* Begin PBXResourcesBuildPhase section */
		3A767DD2298FD8FF00693D04 /* Resources */ = {
			isa = PBXResourcesBuildPhase;
			buildActionMask = 2147483647;
			files = (
				3A767DE4298FD90100693D04 /* LaunchScreen.storyboard in Resources */,
				3A767DE1298FD90100693D04 /* Assets.xcassets in Resources */,
				3A767DDF298FD90000693D04 /* Main.storyboard in Resources */,
			);
			runOnlyForDeploymentPostprocessing = 0;
		};
/* End PBXResourcesBuildPhase section */

/* Begin PBXShellScriptBuildPhase section */
		C9864C82B0976C666593C742 /* [CP] Check Pods Manifest.lock */ = {
			isa = PBXShellScriptBuildPhase;
			buildActionMask = 2147483647;
			files = (
			);
			inputFileListPaths = (
			);
			inputPaths = (
				"${PODS_PODFILE_DIR_PATH}/Podfile.lock",
				"${PODS_ROOT}/Manifest.lock",
			);
			name = "[CP] Check Pods Manifest.lock";
			outputFileListPaths = (
			);
			outputPaths = (
				"$(DERIVED_FILE_DIR)/Pods-WeatherApp-checkManifestLockResult.txt",
			);
			runOnlyForDeploymentPostprocessing = 0;
			shellPath = /bin/sh;
			shellScript = "diff \"${PODS_PODFILE_DIR_PATH}/Podfile.lock\" \"${PODS_ROOT}/Manifest.lock\" > /dev/null\nif [ $? != 0 ] ; then\n    # print error to STDERR\n    echo \"error: The sandbox is not in sync with the Podfile.lock. Run 'pod install' or update your CocoaPods installation.\" >&2\n    exit 1\nfi\n# This output is used by Xcode 'outputs' to avoid re-running this script phase.\necho \"SUCCESS\" > \"${SCRIPT_OUTPUT_FILE_0}\"\n";
			showEnvVarsInLog = 0;
		};
/* End PBXShellScriptBuildPhase section */

/* Begin PBXSourcesBuildPhase section */
		3A767DD0298FD8FF00693D04 /* Sources */ = {
			isa = PBXSourcesBuildPhase;
			buildActionMask = 2147483647;
			files = (
				3A767DDC298FD90000693D04 /* MainViewController.swift in Sources */,
				3A767DF6299006F100693D04 /* MainPresenter.swift in Sources */,
				3A767DD8298FD90000693D04 /* AppDelegate.swift in Sources */,
				3A767DF02990063700693D04 /* DetailViewController.swift in Sources */,
				3A767DEE2990030C00693D04 /* SearchViewController.swift in Sources */,
				3A767DF82990085B00693D04 /* DetailPresenter.swift in Sources */,
				3A767DFA2990086800693D04 /* SearchPresenter.swift in Sources */,
				3A767DDA298FD90000693D04 /* SceneDelegate.swift in Sources */,
			);
			runOnlyForDeploymentPostprocessing = 0;
		};
/* End PBXSourcesBuildPhase section */

/* Begin PBXVariantGroup section */
		3A767DDD298FD90000693D04 /* Main.storyboard */ = {
			isa = PBXVariantGroup;
			children = (
				3A767DDE298FD90000693D04 /* Base */,
			);
			name = Main.storyboard;
			sourceTree = "<group>";
		};
		3A767DE2298FD90100693D04 /* LaunchScreen.storyboard */ = {
			isa = PBXVariantGroup;
			children = (
				3A767DE3298FD90100693D04 /* Base */,
			);
			name = LaunchScreen.storyboard;
			sourceTree = "<group>";
		};
/* End PBXVariantGroup section */

/* Begin XCBuildConfiguration section */
		3A767DE6298FD90100693D04 /* Debug */ = {
			isa = XCBuildConfiguration;
			buildSettings = {
				ALWAYS_SEARCH_USER_PATHS = NO;
				CLANG_ANALYZER_NONNULL = YES;
				CLANG_ANALYZER_NUMBER_OBJECT_CONVERSION = YES_AGGRESSIVE;
				CLANG_CXX_LANGUAGE_STANDARD = "gnu++20";
				CLANG_ENABLE_MODULES = YES;
				CLANG_ENABLE_OBJC_ARC = YES;
				CLANG_ENABLE_OBJC_WEAK = YES;
				CLANG_WARN_BLOCK_CAPTURE_AUTORELEASING = YES;
				CLANG_WARN_BOOL_CONVERSION = YES;
				CLANG_WARN_COMMA = YES;
				CLANG_WARN_CONSTANT_CONVERSION = YES;
				CLANG_WARN_DEPRECATED_OBJC_IMPLEMENTATIONS = YES;
				CLANG_WARN_DIRECT_OBJC_ISA_USAGE = YES_ERROR;
				CLANG_WARN_DOCUMENTATION_COMMENTS = YES;
				CLANG_WARN_EMPTY_BODY = YES;
				CLANG_WARN_ENUM_CONVERSION = YES;
				CLANG_WARN_INFINITE_RECURSION = YES;
				CLANG_WARN_INT_CONVERSION = YES;
				CLANG_WARN_NON_LITERAL_NULL_CONVERSION = YES;
				CLANG_WARN_OBJC_IMPLICIT_RETAIN_SELF = YES;
				CLANG_WARN_OBJC_LITERAL_CONVERSION = YES;
				CLANG_WARN_OBJC_ROOT_CLASS = YES_ERROR;
				CLANG_WARN_QUOTED_INCLUDE_IN_FRAMEWORK_HEADER = YES;
				CLANG_WARN_RANGE_LOOP_ANALYSIS = YES;
				CLANG_WARN_STRICT_PROTOTYPES = YES;
				CLANG_WARN_SUSPICIOUS_MOVE = YES;
				CLANG_WARN_UNGUARDED_AVAILABILITY = YES_AGGRESSIVE;
				CLANG_WARN_UNREACHABLE_CODE = YES;
				CLANG_WARN__DUPLICATE_METHOD_MATCH = YES;
				COPY_PHASE_STRIP = NO;
				DEBUG_INFORMATION_FORMAT = dwarf;
				ENABLE_STRICT_OBJC_MSGSEND = YES;
				ENABLE_TESTABILITY = YES;
				GCC_C_LANGUAGE_STANDARD = gnu11;
				GCC_DYNAMIC_NO_PIC = NO;
				GCC_NO_COMMON_BLOCKS = YES;
				GCC_OPTIMIZATION_LEVEL = 0;
				GCC_PREPROCESSOR_DEFINITIONS = (
					"DEBUG=1",
					"$(inherited)",
				);
				GCC_WARN_64_TO_32_BIT_CONVERSION = YES;
				GCC_WARN_ABOUT_RETURN_TYPE = YES_ERROR;
				GCC_WARN_UNDECLARED_SELECTOR = YES;
				GCC_WARN_UNINITIALIZED_AUTOS = YES_AGGRESSIVE;
				GCC_WARN_UNUSED_FUNCTION = YES;
				GCC_WARN_UNUSED_VARIABLE = YES;
				IPHONEOS_DEPLOYMENT_TARGET = 16.2;
				MTL_ENABLE_DEBUG_INFO = INCLUDE_SOURCE;
				MTL_FAST_MATH = YES;
				ONLY_ACTIVE_ARCH = YES;
				SDKROOT = iphoneos;
				SWIFT_ACTIVE_COMPILATION_CONDITIONS = DEBUG;
				SWIFT_OPTIMIZATION_LEVEL = "-Onone";
			};
			name = Debug;
		};
		3A767DE7298FD90100693D04 /* Release */ = {
			isa = XCBuildConfiguration;
			buildSettings = {
				ALWAYS_SEARCH_USER_PATHS = NO;
				CLANG_ANALYZER_NONNULL = YES;
				CLANG_ANALYZER_NUMBER_OBJECT_CONVERSION = YES_AGGRESSIVE;
				CLANG_CXX_LANGUAGE_STANDARD = "gnu++20";
				CLANG_ENABLE_MODULES = YES;
				CLANG_ENABLE_OBJC_ARC = YES;
				CLANG_ENABLE_OBJC_WEAK = YES;
				CLANG_WARN_BLOCK_CAPTURE_AUTORELEASING = YES;
				CLANG_WARN_BOOL_CONVERSION = YES;
				CLANG_WARN_COMMA = YES;
				CLANG_WARN_CONSTANT_CONVERSION = YES;
				CLANG_WARN_DEPRECATED_OBJC_IMPLEMENTATIONS = YES;
				CLANG_WARN_DIRECT_OBJC_ISA_USAGE = YES_ERROR;
				CLANG_WARN_DOCUMENTATION_COMMENTS = YES;
				CLANG_WARN_EMPTY_BODY = YES;
				CLANG_WARN_ENUM_CONVERSION = YES;
				CLANG_WARN_INFINITE_RECURSION = YES;
				CLANG_WARN_INT_CONVERSION = YES;
				CLANG_WARN_NON_LITERAL_NULL_CONVERSION = YES;
				CLANG_WARN_OBJC_IMPLICIT_RETAIN_SELF = YES;
				CLANG_WARN_OBJC_LITERAL_CONVERSION = YES;
				CLANG_WARN_OBJC_ROOT_CLASS = YES_ERROR;
				CLANG_WARN_QUOTED_INCLUDE_IN_FRAMEWORK_HEADER = YES;
				CLANG_WARN_RANGE_LOOP_ANALYSIS = YES;
				CLANG_WARN_STRICT_PROTOTYPES = YES;
				CLANG_WARN_SUSPICIOUS_MOVE = YES;
				CLANG_WARN_UNGUARDED_AVAILABILITY = YES_AGGRESSIVE;
				CLANG_WARN_UNREACHABLE_CODE = YES;
				CLANG_WARN__DUPLICATE_METHOD_MATCH = YES;
				COPY_PHASE_STRIP = NO;
				DEBUG_INFORMATION_FORMAT = "dwarf-with-dsym";
				ENABLE_NS_ASSERTIONS = NO;
				ENABLE_STRICT_OBJC_MSGSEND = YES;
				GCC_C_LANGUAGE_STANDARD = gnu11;
				GCC_NO_COMMON_BLOCKS = YES;
				GCC_WARN_64_TO_32_BIT_CONVERSION = YES;
				GCC_WARN_ABOUT_RETURN_TYPE = YES_ERROR;
				GCC_WARN_UNDECLARED_SELECTOR = YES;
				GCC_WARN_UNINITIALIZED_AUTOS = YES_AGGRESSIVE;
				GCC_WARN_UNUSED_FUNCTION = YES;
				GCC_WARN_UNUSED_VARIABLE = YES;
				IPHONEOS_DEPLOYMENT_TARGET = 16.2;
				MTL_ENABLE_DEBUG_INFO = NO;
				MTL_FAST_MATH = YES;
				SDKROOT = iphoneos;
				SWIFT_COMPILATION_MODE = wholemodule;
				SWIFT_OPTIMIZATION_LEVEL = "-O";
				VALIDATE_PRODUCT = YES;
			};
			name = Release;
		};
		3A767DE9298FD90100693D04 /* Debug */ = {
			isa = XCBuildConfiguration;
			baseConfigurationReference = 79A3C0E1EA51DF6C14B171D7 /* Pods-WeatherApp.debug.xcconfig */;
			buildSettings = {
				ASSETCATALOG_COMPILER_APPICON_NAME = AppIcon;
				ASSETCATALOG_COMPILER_GLOBAL_ACCENT_COLOR_NAME = AccentColor;
				CODE_SIGN_STYLE = Automatic;
				CURRENT_PROJECT_VERSION = 1;
				GENERATE_INFOPLIST_FILE = YES;
				INFOPLIST_FILE = WeatherApp/Info.plist;
				INFOPLIST_KEY_UIApplicationSupportsIndirectInputEvents = YES;
				INFOPLIST_KEY_UILaunchStoryboardName = LaunchScreen;
				INFOPLIST_KEY_UIMainStoryboardFile = Main;
				INFOPLIST_KEY_UIStatusBarStyle = "";
				INFOPLIST_KEY_UISupportedInterfaceOrientations = UIInterfaceOrientationPortrait;
				INFOPLIST_KEY_UISupportedInterfaceOrientations_iPad = "UIInterfaceOrientationLandscapeLeft UIInterfaceOrientationLandscapeRight UIInterfaceOrientationPortrait UIInterfaceOrientationPortraitUpsideDown";
				LD_RUNPATH_SEARCH_PATHS = (
					"$(inherited)",
					"@executable_path/Frameworks",
				);
				MARKETING_VERSION = 1.0;
				PRODUCT_BUNDLE_IDENTIFIER = ru.BlackNoir.WeatherApp;
				PRODUCT_NAME = "$(TARGET_NAME)";
				SWIFT_EMIT_LOC_STRINGS = YES;
				SWIFT_VERSION = 5.0;
				TARGETED_DEVICE_FAMILY = "1,2";
			};
			name = Debug;
		};
		3A767DEA298FD90100693D04 /* Release */ = {
			isa = XCBuildConfiguration;
			baseConfigurationReference = 1F1731F5AAAFA5E25AD31B9B /* Pods-WeatherApp.release.xcconfig */;
			buildSettings = {
				ASSETCATALOG_COMPILER_APPICON_NAME = AppIcon;
				ASSETCATALOG_COMPILER_GLOBAL_ACCENT_COLOR_NAME = AccentColor;
				CODE_SIGN_STYLE = Automatic;
				CURRENT_PROJECT_VERSION = 1;
				GENERATE_INFOPLIST_FILE = YES;
				INFOPLIST_FILE = WeatherApp/Info.plist;
				INFOPLIST_KEY_UIApplicationSupportsIndirectInputEvents = YES;
				INFOPLIST_KEY_UILaunchStoryboardName = LaunchScreen;
				INFOPLIST_KEY_UIMainStoryboardFile = Main;
				INFOPLIST_KEY_UIStatusBarStyle = "";
				INFOPLIST_KEY_UISupportedInterfaceOrientations = UIInterfaceOrientationPortrait;
				INFOPLIST_KEY_UISupportedInterfaceOrientations_iPad = "UIInterfaceOrientationLandscapeLeft UIInterfaceOrientationLandscapeRight UIInterfaceOrientationPortrait UIInterfaceOrientationPortraitUpsideDown";
				LD_RUNPATH_SEARCH_PATHS = (
					"$(inherited)",
					"@executable_path/Frameworks",
				);
				MARKETING_VERSION = 1.0;
				PRODUCT_BUNDLE_IDENTIFIER = ru.BlackNoir.WeatherApp;
				PRODUCT_NAME = "$(TARGET_NAME)";
				SWIFT_EMIT_LOC_STRINGS = YES;
				SWIFT_VERSION = 5.0;
				TARGETED_DEVICE_FAMILY = "1,2";
			};
			name = Release;
		};
/* End XCBuildConfiguration section */

/* Begin XCConfigurationList section */
		3A767DCF298FD8FF00693D04 /* Build configuration list for PBXProject "WeatherApp" */ = {
			isa = XCConfigurationList;
			buildConfigurations = (
				3A767DE6298FD90100693D04 /* Debug */,
				3A767DE7298FD90100693D04 /* Release */,
			);
			defaultConfigurationIsVisible = 0;
			defaultConfigurationName = Release;
		};
		3A767DE8298FD90100693D04 /* Build configuration list for PBXNativeTarget "WeatherApp" */ = {
			isa = XCConfigurationList;
			buildConfigurations = (
				3A767DE9298FD90100693D04 /* Debug */,
				3A767DEA298FD90100693D04 /* Release */,
			);
			defaultConfigurationIsVisible = 0;
			defaultConfigurationName = Release;
		};
/* End XCConfigurationList section */
	};
	rootObject = 3A767DCC298FD8FF00693D04 /* Project object */;
}
