// !$*UTF8*$!
{
	archiveVersion = 1;
	classes = {
	};
	objectVersion = 56;
	objects = {

/* Begin PBXBuildFile section */
		3A22F87A29A0D8740030FE25 /* DetailViewController.swift in Sources */ = {isa = PBXBuildFile; fileRef = 3A22F87829A0D8740030FE25 /* DetailViewController.swift */; };
		3A22F87B29A0D8740030FE25 /* DetailViewController.xib in Resources */ = {isa = PBXBuildFile; fileRef = 3A22F87929A0D8740030FE25 /* DetailViewController.xib */; };
		3A22F87F29A0E0310030FE25 /* ForecastCollectionViewCell.swift in Sources */ = {isa = PBXBuildFile; fileRef = 3A22F87D29A0E0310030FE25 /* ForecastCollectionViewCell.swift */; };
		3A22F88029A0E0310030FE25 /* ForecastCollectionViewCell.xib in Resources */ = {isa = PBXBuildFile; fileRef = 3A22F87E29A0E0310030FE25 /* ForecastCollectionViewCell.xib */; };
		3A63241E2992549E00FEC599 /* Weather.swift in Sources */ = {isa = PBXBuildFile; fileRef = 3A63241D2992549E00FEC599 /* Weather.swift */; };
		3A6324232992581300FEC599 /* MainTableViewCell.swift in Sources */ = {isa = PBXBuildFile; fileRef = 3A6324212992581300FEC599 /* MainTableViewCell.swift */; };
		3A6324242992581300FEC599 /* MainTableViewCell.xib in Resources */ = {isa = PBXBuildFile; fileRef = 3A6324222992581300FEC599 /* MainTableViewCell.xib */; };
		3A6324732994F89200FEC599 /* ResultTableViewCell.swift in Sources */ = {isa = PBXBuildFile; fileRef = 3A6324712994F89200FEC599 /* ResultTableViewCell.swift */; };
		3A6324742994F89200FEC599 /* ResultTableViewCell.xib in Resources */ = {isa = PBXBuildFile; fileRef = 3A6324722994F89200FEC599 /* ResultTableViewCell.xib */; };
		3A767DD8298FD90000693D04 /* AppDelegate.swift in Sources */ = {isa = PBXBuildFile; fileRef = 3A767DD7298FD90000693D04 /* AppDelegate.swift */; };
		3A767DDA298FD90000693D04 /* SceneDelegate.swift in Sources */ = {isa = PBXBuildFile; fileRef = 3A767DD9298FD90000693D04 /* SceneDelegate.swift */; };
		3A767DDC298FD90000693D04 /* MainViewController.swift in Sources */ = {isa = PBXBuildFile; fileRef = 3A767DDB298FD90000693D04 /* MainViewController.swift */; };
		3A767DDF298FD90000693D04 /* Main.storyboard in Resources */ = {isa = PBXBuildFile; fileRef = 3A767DDD298FD90000693D04 /* Main.storyboard */; };
		3A767DE1298FD90100693D04 /* Assets.xcassets in Resources */ = {isa = PBXBuildFile; fileRef = 3A767DE0298FD90100693D04 /* Assets.xcassets */; };
		3A767DE4298FD90100693D04 /* LaunchScreen.storyboard in Resources */ = {isa = PBXBuildFile; fileRef = 3A767DE2298FD90100693D04 /* LaunchScreen.storyboard */; };
		3A767DEE2990030C00693D04 /* ResultViewController.swift in Sources */ = {isa = PBXBuildFile; fileRef = 3A767DED2990030C00693D04 /* ResultViewController.swift */; };
		3AA7F7DD29A0269C00BD0299 /* UserDefaultsKeys.swift in Sources */ = {isa = PBXBuildFile; fileRef = 3AA7F7DC29A0269C00BD0299 /* UserDefaultsKeys.swift */; };
		3AEFA49A2998C54300C3BBE7 /* NetworkService.swift in Sources */ = {isa = PBXBuildFile; fileRef = 3AEFA4992998C54300C3BBE7 /* NetworkService.swift */; };
		3AEFA49D2998D8A000C3BBE7 /* APIError.swift in Sources */ = {isa = PBXBuildFile; fileRef = 3AEFA49C2998D8A000C3BBE7 /* APIError.swift */; };
		3AEFA49F2998D8F600C3BBE7 /* Coordinate.swift in Sources */ = {isa = PBXBuildFile; fileRef = 3AEFA49E2998D8F600C3BBE7 /* Coordinate.swift */; };
		3AEFA4A12998D96100C3BBE7 /* UrlType.swift in Sources */ = {isa = PBXBuildFile; fileRef = 3AEFA4A02998D96100C3BBE7 /* UrlType.swift */; };
		3AEFA4A6299958BD00C3BBE7 /* NotificationKeys.swift in Sources */ = {isa = PBXBuildFile; fileRef = 3AEFA4A5299958BD00C3BBE7 /* NotificationKeys.swift */; };
/* End PBXBuildFile section */

/* Begin PBXFileReference section */
		3A22F87829A0D8740030FE25 /* DetailViewController.swift */ = {isa = PBXFileReference; lastKnownFileType = sourcecode.swift; path = DetailViewController.swift; sourceTree = "<group>"; };
		3A22F87929A0D8740030FE25 /* DetailViewController.xib */ = {isa = PBXFileReference; lastKnownFileType = file.xib; path = DetailViewController.xib; sourceTree = "<group>"; };
		3A22F87D29A0E0310030FE25 /* ForecastCollectionViewCell.swift */ = {isa = PBXFileReference; lastKnownFileType = sourcecode.swift; path = ForecastCollectionViewCell.swift; sourceTree = "<group>"; };
		3A22F87E29A0E0310030FE25 /* ForecastCollectionViewCell.xib */ = {isa = PBXFileReference; lastKnownFileType = file.xib; path = ForecastCollectionViewCell.xib; sourceTree = "<group>"; };
		3A63241D2992549E00FEC599 /* Weather.swift */ = {isa = PBXFileReference; lastKnownFileType = sourcecode.swift; path = Weather.swift; sourceTree = "<group>"; };
		3A6324212992581300FEC599 /* MainTableViewCell.swift */ = {isa = PBXFileReference; lastKnownFileType = sourcecode.swift; path = MainTableViewCell.swift; sourceTree = "<group>"; };
		3A6324222992581300FEC599 /* MainTableViewCell.xib */ = {isa = PBXFileReference; lastKnownFileType = file.xib; path = MainTableViewCell.xib; sourceTree = "<group>"; };
		3A6324712994F89200FEC599 /* ResultTableViewCell.swift */ = {isa = PBXFileReference; lastKnownFileType = sourcecode.swift; path = ResultTableViewCell.swift; sourceTree = "<group>"; };
		3A6324722994F89200FEC599 /* ResultTableViewCell.xib */ = {isa = PBXFileReference; lastKnownFileType = file.xib; path = ResultTableViewCell.xib; sourceTree = "<group>"; };
		3A767DD4298FD8FF00693D04 /* WeatherApp.app */ = {isa = PBXFileReference; explicitFileType = wrapper.application; includeInIndex = 0; path = WeatherApp.app; sourceTree = BUILT_PRODUCTS_DIR; };
		3A767DD7298FD90000693D04 /* AppDelegate.swift */ = {isa = PBXFileReference; lastKnownFileType = sourcecode.swift; path = AppDelegate.swift; sourceTree = "<group>"; };
		3A767DD9298FD90000693D04 /* SceneDelegate.swift */ = {isa = PBXFileReference; lastKnownFileType = sourcecode.swift; path = SceneDelegate.swift; sourceTree = "<group>"; };
		3A767DDB298FD90000693D04 /* MainViewController.swift */ = {isa = PBXFileReference; lastKnownFileType = sourcecode.swift; path = MainViewController.swift; sourceTree = "<group>"; };
		3A767DDE298FD90000693D04 /* Base */ = {isa = PBXFileReference; lastKnownFileType = file.storyboard; name = Base; path = Base.lproj/Main.storyboard; sourceTree = "<group>"; };
		3A767DE0298FD90100693D04 /* Assets.xcassets */ = {isa = PBXFileReference; lastKnownFileType = folder.assetcatalog; path = Assets.xcassets; sourceTree = "<group>"; };
		3A767DE3298FD90100693D04 /* Base */ = {isa = PBXFileReference; lastKnownFileType = file.storyboard; name = Base; path = Base.lproj/LaunchScreen.storyboard; sourceTree = "<group>"; };
		3A767DE5298FD90100693D04 /* Info.plist */ = {isa = PBXFileReference; lastKnownFileType = text.plist.xml; path = Info.plist; sourceTree = "<group>"; };
		3A767DED2990030C00693D04 /* ResultViewController.swift */ = {isa = PBXFileReference; lastKnownFileType = sourcecode.swift; path = ResultViewController.swift; sourceTree = "<group>"; };
		3AA7F7DC29A0269C00BD0299 /* UserDefaultsKeys.swift */ = {isa = PBXFileReference; lastKnownFileType = sourcecode.swift; path = UserDefaultsKeys.swift; sourceTree = "<group>"; };
		3AEFA4992998C54300C3BBE7 /* NetworkService.swift */ = {isa = PBXFileReference; lastKnownFileType = sourcecode.swift; path = NetworkService.swift; sourceTree = "<group>"; };
		3AEFA49C2998D8A000C3BBE7 /* APIError.swift */ = {isa = PBXFileReference; lastKnownFileType = sourcecode.swift; path = APIError.swift; sourceTree = "<group>"; };
		3AEFA49E2998D8F600C3BBE7 /* Coordinate.swift */ = {isa = PBXFileReference; lastKnownFileType = sourcecode.swift; path = Coordinate.swift; sourceTree = "<group>"; };
		3AEFA4A02998D96100C3BBE7 /* UrlType.swift */ = {isa = PBXFileReference; lastKnownFileType = sourcecode.swift; path = UrlType.swift; sourceTree = "<group>"; };
		3AEFA4A5299958BD00C3BBE7 /* NotificationKeys.swift */ = {isa = PBXFileReference; lastKnownFileType = sourcecode.swift; path = NotificationKeys.swift; sourceTree = "<group>"; };
/* End PBXFileReference section */

/* Begin PBXFrameworksBuildPhase section */
		3A767DD1298FD8FF00693D04 /* Frameworks */ = {
			isa = PBXFrameworksBuildPhase;
			buildActionMask = 2147483647;
			files = (
			);
			runOnlyForDeploymentPostprocessing = 0;
		};
/* End PBXFrameworksBuildPhase section */

/* Begin PBXGroup section */
		3A22F87C29A0E0010030FE25 /* ForecastCollectionViewCell */ = {
			isa = PBXGroup;
			children = (
				3A22F87D29A0E0310030FE25 /* ForecastCollectionViewCell.swift */,
				3A22F87E29A0E0310030FE25 /* ForecastCollectionViewCell.xib */,
			);
			path = ForecastCollectionViewCell;
			sourceTree = "<group>";
		};
		3A6324252992581900FEC599 /* MainTableViewCell */ = {
			isa = PBXGroup;
			children = (
				3A6324212992581300FEC599 /* MainTableViewCell.swift */,
				3A6324222992581300FEC599 /* MainTableViewCell.xib */,
			);
			path = MainTableViewCell;
			sourceTree = "<group>";
		};
		3A63244D2992B80600FEC599 /* Model */ = {
			isa = PBXGroup;
			children = (
				3A63241D2992549E00FEC599 /* Weather.swift */,
				3AEFA49E2998D8F600C3BBE7 /* Coordinate.swift */,
			);
			path = Model;
			sourceTree = "<group>";
		};
		3A6324512994184C00FEC599 /* Storyboard */ = {
			isa = PBXGroup;
			children = (
				3A767DE2298FD90100693D04 /* LaunchScreen.storyboard */,
				3A767DDD298FD90000693D04 /* Main.storyboard */,
			);
			path = Storyboard;
			sourceTree = "<group>";
		};
		3A6324752994F89800FEC599 /* ResultTableViewCell */ = {
			isa = PBXGroup;
			children = (
				3A6324712994F89200FEC599 /* ResultTableViewCell.swift */,
				3A6324722994F89200FEC599 /* ResultTableViewCell.xib */,
			);
			path = ResultTableViewCell;
			sourceTree = "<group>";
		};
		3A767DCB298FD8FF00693D04 = {
			isa = PBXGroup;
			children = (
				3A767DD6298FD90000693D04 /* WeatherApp */,
				3A767DD5298FD8FF00693D04 /* Products */,
			);
			sourceTree = "<group>";
		};
		3A767DD5298FD8FF00693D04 /* Products */ = {
			isa = PBXGroup;
			children = (
				3A767DD4298FD8FF00693D04 /* WeatherApp.app */,
			);
			name = Products;
			sourceTree = "<group>";
		};
		3A767DD6298FD90000693D04 /* WeatherApp */ = {
			isa = PBXGroup;
			children = (
				3A767DD7298FD90000693D04 /* AppDelegate.swift */,
				3A767DD9298FD90000693D04 /* SceneDelegate.swift */,
				3AEFA4A5299958BD00C3BBE7 /* NotificationKeys.swift */,
				3AA7F7DC29A0269C00BD0299 /* UserDefaultsKeys.swift */,
				3AEFA49B2998D88D00C3BBE7 /* Network */,
				3A63244D2992B80600FEC599 /* Model */,
				3AEFA49529980FCF00C3BBE7 /* ViewController */,
				3AEFA4962998100800C3BBE7 /* View */,
				3A6324512994184C00FEC599 /* Storyboard */,
				3A767DE0298FD90100693D04 /* Assets.xcassets */,
				3A767DE5298FD90100693D04 /* Info.plist */,
			);
			path = WeatherApp;
			sourceTree = "<group>";
		};
		3A767DF2299006A800693D04 /* Main */ = {
			isa = PBXGroup;
			children = (
				3A6324252992581900FEC599 /* MainTableViewCell */,
			);
			path = Main;
			sourceTree = "<group>";
		};
		3A767DF4299006C800693D04 /* Detail */ = {
			isa = PBXGroup;
			children = (
				3A22F87929A0D8740030FE25 /* DetailViewController.xib */,
				3A22F87C29A0E0010030FE25 /* ForecastCollectionViewCell */,
			);
			path = Detail;
			sourceTree = "<group>";
		};
		3A9F1F7A2994FB2200F3D0C2 /* Result */ = {
			isa = PBXGroup;
			children = (
				3A6324752994F89800FEC599 /* ResultTableViewCell */,
			);
			path = Result;
			sourceTree = "<group>";
		};
		3AEFA49529980FCF00C3BBE7 /* ViewController */ = {
			isa = PBXGroup;
			children = (
				3A767DDB298FD90000693D04 /* MainViewController.swift */,
				3A767DED2990030C00693D04 /* ResultViewController.swift */,
				3A22F87829A0D8740030FE25 /* DetailViewController.swift */,
			);
			path = ViewController;
			sourceTree = "<group>";
		};
		3AEFA4962998100800C3BBE7 /* View */ = {
			isa = PBXGroup;
			children = (
				3A767DF2299006A800693D04 /* Main */,
				3A9F1F7A2994FB2200F3D0C2 /* Result */,
				3A767DF4299006C800693D04 /* Detail */,
			);
			path = View;
			sourceTree = "<group>";
		};
		3AEFA49B2998D88D00C3BBE7 /* Network */ = {
			isa = PBXGroup;
			children = (
				3AEFA4992998C54300C3BBE7 /* NetworkService.swift */,
				3AEFA49C2998D8A000C3BBE7 /* APIError.swift */,
				3AEFA4A02998D96100C3BBE7 /* UrlType.swift */,
			);
			path = Network;
			sourceTree = "<group>";
		};
/* End PBXGroup section */

/* Begin PBXNativeTarget section */
		3A767DD3298FD8FF00693D04 /* WeatherApp */ = {
			isa = PBXNativeTarget;
			buildConfigurationList = 3A767DE8298FD90100693D04 /* Build configuration list for PBXNativeTarget "WeatherApp" */;
			buildPhases = (
				3A767DD0298FD8FF00693D04 /* Sources */,
				3A767DD1298FD8FF00693D04 /* Frameworks */,
				3A767DD2298FD8FF00693D04 /* Resources */,
				3A767DFB299011A100693D04 /* SwiftLint */,
			);
			buildRules = (
			);
			dependencies = (
			);
			name = WeatherApp;
			productName = WeatherApp;
			productReference = 3A767DD4298FD8FF00693D04 /* WeatherApp.app */;
			productType = "com.apple.product-type.application";
		};
/* End PBXNativeTarget section */

/* Begin PBXProject section */
		3A767DCC298FD8FF00693D04 /* Project object */ = {
			isa = PBXProject;
			attributes = {
				BuildIndependentTargetsInParallel = 1;
				LastSwiftUpdateCheck = 1420;
				LastUpgradeCheck = 1420;
				TargetAttributes = {
					3A767DD3298FD8FF00693D04 = {
						CreatedOnToolsVersion = 14.2;
					};
				};
			};
			buildConfigurationList = 3A767DCF298FD8FF00693D04 /* Build configuration list for PBXProject "WeatherApp" */;
			compatibilityVersion = "Xcode 14.0";
			developmentRegion = en;
			hasScannedForEncodings = 0;
			knownRegions = (
				en,
				Base,
			);
			mainGroup = 3A767DCB298FD8FF00693D04;
			productRefGroup = 3A767DD5298FD8FF00693D04 /* Products */;
			projectDirPath = "";
			projectRoot = "";
			targets = (
				3A767DD3298FD8FF00693D04 /* WeatherApp */,
			);
		};
/* End PBXProject section */

/* Begin PBXResourcesBuildPhase section */
		3A767DD2298FD8FF00693D04 /* Resources */ = {
			isa = PBXResourcesBuildPhase;
			buildActionMask = 2147483647;
			files = (
				3A6324742994F89200FEC599 /* ResultTableViewCell.xib in Resources */,
				3A22F87B29A0D8740030FE25 /* DetailViewController.xib in Resources */,
				3A767DE4298FD90100693D04 /* LaunchScreen.storyboard in Resources */,
				3A767DE1298FD90100693D04 /* Assets.xcassets in Resources */,
				3A6324242992581300FEC599 /* MainTableViewCell.xib in Resources */,
				3A22F88029A0E0310030FE25 /* ForecastCollectionViewCell.xib in Resources */,
				3A767DDF298FD90000693D04 /* Main.storyboard in Resources */,
			);
			runOnlyForDeploymentPostprocessing = 0;
		};
/* End PBXResourcesBuildPhase section */

/* Begin PBXShellScriptBuildPhase section */
		3A767DFB299011A100693D04 /* SwiftLint */ = {
			isa = PBXShellScriptBuildPhase;
			alwaysOutOfDate = 1;
			buildActionMask = 2147483647;
			files = (
			);
			inputFileListPaths = (
			);
			inputPaths = (
			);
			name = SwiftLint;
			outputFileListPaths = (
			);
			outputPaths = (
			);
			runOnlyForDeploymentPostprocessing = 0;
			shellPath = /bin/sh;
			shellScript = "export PATH=\"$PATH:/opt/homebrew/bin\"\nif which swiftlint > /dev/null; then\n  swiftlint\nelse\n  echo \"warning: SwiftLint not installed, download from https://github.com/realm/SwiftLint\"\nfi\n";
		};
/* End PBXShellScriptBuildPhase section */

/* Begin PBXSourcesBuildPhase section */
		3A767DD0298FD8FF00693D04 /* Sources */ = {
			isa = PBXSourcesBuildPhase;
			buildActionMask = 2147483647;
			files = (
				3AEFA49A2998C54300C3BBE7 /* NetworkService.swift in Sources */,
				3AEFA4A12998D96100C3BBE7 /* UrlType.swift in Sources */,
				3A767DDC298FD90000693D04 /* MainViewController.swift in Sources */,
				3A767DD8298FD90000693D04 /* AppDelegate.swift in Sources */,
				3A6324232992581300FEC599 /* MainTableViewCell.swift in Sources */,
				3AEFA49F2998D8F600C3BBE7 /* Coordinate.swift in Sources */,
				3A63241E2992549E00FEC599 /* Weather.swift in Sources */,
				3AA7F7DD29A0269C00BD0299 /* UserDefaultsKeys.swift in Sources */,
				3A22F87F29A0E0310030FE25 /* ForecastCollectionViewCell.swift in Sources */,
				3A767DEE2990030C00693D04 /* ResultViewController.swift in Sources */,
				3AEFA4A6299958BD00C3BBE7 /* NotificationKeys.swift in Sources */,
				3A6324732994F89200FEC599 /* ResultTableViewCell.swift in Sources */,
				3A22F87A29A0D8740030FE25 /* DetailViewController.swift in Sources */,
				3A767DDA298FD90000693D04 /* SceneDelegate.swift in Sources */,
				3AEFA49D2998D8A000C3BBE7 /* APIError.swift in Sources */,
			);
			runOnlyForDeploymentPostprocessing = 0;
		};
/* End PBXSourcesBuildPhase section */

/* Begin PBXVariantGroup section */
		3A767DDD298FD90000693D04 /* Main.storyboard */ = {
			isa = PBXVariantGroup;
			children = (
				3A767DDE298FD90000693D04 /* Base */,
			);
			name = Main.storyboard;
			sourceTree = "<group>";
		};
		3A767DE2298FD90100693D04 /* LaunchScreen.storyboard */ = {
			isa = PBXVariantGroup;
			children = (
				3A767DE3298FD90100693D04 /* Base */,
			);
			name = LaunchScreen.storyboard;
			sourceTree = "<group>";
		};
/* End PBXVariantGroup section */

/* Begin XCBuildConfiguration section */
		3A767DE6298FD90100693D04 /* Debug */ = {
			isa = XCBuildConfiguration;
			buildSettings = {
				ALWAYS_SEARCH_USER_PATHS = NO;
				CLANG_ANALYZER_NONNULL = YES;
				CLANG_ANALYZER_NUMBER_OBJECT_CONVERSION = YES_AGGRESSIVE;
				CLANG_CXX_LANGUAGE_STANDARD = "gnu++20";
				CLANG_ENABLE_MODULES = YES;
				CLANG_ENABLE_OBJC_ARC = YES;
				CLANG_ENABLE_OBJC_WEAK = YES;
				CLANG_WARN_BLOCK_CAPTURE_AUTORELEASING = YES;
				CLANG_WARN_BOOL_CONVERSION = YES;
				CLANG_WARN_COMMA = YES;
				CLANG_WARN_CONSTANT_CONVERSION = YES;
				CLANG_WARN_DEPRECATED_OBJC_IMPLEMENTATIONS = YES;
				CLANG_WARN_DIRECT_OBJC_ISA_USAGE = YES_ERROR;
				CLANG_WARN_DOCUMENTATION_COMMENTS = YES;
				CLANG_WARN_EMPTY_BODY = YES;
				CLANG_WARN_ENUM_CONVERSION = YES;
				CLANG_WARN_INFINITE_RECURSION = YES;
				CLANG_WARN_INT_CONVERSION = YES;
				CLANG_WARN_NON_LITERAL_NULL_CONVERSION = YES;
				CLANG_WARN_OBJC_IMPLICIT_RETAIN_SELF = YES;
				CLANG_WARN_OBJC_LITERAL_CONVERSION = YES;
				CLANG_WARN_OBJC_ROOT_CLASS = YES_ERROR;
				CLANG_WARN_QUOTED_INCLUDE_IN_FRAMEWORK_HEADER = YES;
				CLANG_WARN_RANGE_LOOP_ANALYSIS = YES;
				CLANG_WARN_STRICT_PROTOTYPES = YES;
				CLANG_WARN_SUSPICIOUS_MOVE = YES;
				CLANG_WARN_UNGUARDED_AVAILABILITY = YES_AGGRESSIVE;
				CLANG_WARN_UNREACHABLE_CODE = YES;
				CLANG_WARN__DUPLICATE_METHOD_MATCH = YES;
				COPY_PHASE_STRIP = NO;
				DEBUG_INFORMATION_FORMAT = dwarf;
				ENABLE_STRICT_OBJC_MSGSEND = YES;
				ENABLE_TESTABILITY = YES;
				GCC_C_LANGUAGE_STANDARD = gnu11;
				GCC_DYNAMIC_NO_PIC = NO;
				GCC_NO_COMMON_BLOCKS = YES;
				GCC_OPTIMIZATION_LEVEL = 0;
				GCC_PREPROCESSOR_DEFINITIONS = (
					"DEBUG=1",
					"$(inherited)",
				);
				GCC_WARN_64_TO_32_BIT_CONVERSION = YES;
				GCC_WARN_ABOUT_RETURN_TYPE = YES_ERROR;
				GCC_WARN_UNDECLARED_SELECTOR = YES;
				GCC_WARN_UNINITIALIZED_AUTOS = YES_AGGRESSIVE;
				GCC_WARN_UNUSED_FUNCTION = YES;
				GCC_WARN_UNUSED_VARIABLE = YES;
				IPHONEOS_DEPLOYMENT_TARGET = 16.2;
				MTL_ENABLE_DEBUG_INFO = INCLUDE_SOURCE;
				MTL_FAST_MATH = YES;
				ONLY_ACTIVE_ARCH = YES;
				SDKROOT = iphoneos;
				SWIFT_ACTIVE_COMPILATION_CONDITIONS = DEBUG;
				SWIFT_OPTIMIZATION_LEVEL = "-Onone";
			};
			name = Debug;
		};
		3A767DE7298FD90100693D04 /* Release */ = {
			isa = XCBuildConfiguration;
			buildSettings = {
				ALWAYS_SEARCH_USER_PATHS = NO;
				CLANG_ANALYZER_NONNULL = YES;
				CLANG_ANALYZER_NUMBER_OBJECT_CONVERSION = YES_AGGRESSIVE;
				CLANG_CXX_LANGUAGE_STANDARD = "gnu++20";
				CLANG_ENABLE_MODULES = YES;
				CLANG_ENABLE_OBJC_ARC = YES;
				CLANG_ENABLE_OBJC_WEAK = YES;
				CLANG_WARN_BLOCK_CAPTURE_AUTORELEASING = YES;
				CLANG_WARN_BOOL_CONVERSION = YES;
				CLANG_WARN_COMMA = YES;
				CLANG_WARN_CONSTANT_CONVERSION = YES;
				CLANG_WARN_DEPRECATED_OBJC_IMPLEMENTATIONS = YES;
				CLANG_WARN_DIRECT_OBJC_ISA_USAGE = YES_ERROR;
				CLANG_WARN_DOCUMENTATION_COMMENTS = YES;
				CLANG_WARN_EMPTY_BODY = YES;
				CLANG_WARN_ENUM_CONVERSION = YES;
				CLANG_WARN_INFINITE_RECURSION = YES;
				CLANG_WARN_INT_CONVERSION = YES;
				CLANG_WARN_NON_LITERAL_NULL_CONVERSION = YES;
				CLANG_WARN_OBJC_IMPLICIT_RETAIN_SELF = YES;
				CLANG_WARN_OBJC_LITERAL_CONVERSION = YES;
				CLANG_WARN_OBJC_ROOT_CLASS = YES_ERROR;
				CLANG_WARN_QUOTED_INCLUDE_IN_FRAMEWORK_HEADER = YES;
				CLANG_WARN_RANGE_LOOP_ANALYSIS = YES;
				CLANG_WARN_STRICT_PROTOTYPES = YES;
				CLANG_WARN_SUSPICIOUS_MOVE = YES;
				CLANG_WARN_UNGUARDED_AVAILABILITY = YES_AGGRESSIVE;
				CLANG_WARN_UNREACHABLE_CODE = YES;
				CLANG_WARN__DUPLICATE_METHOD_MATCH = YES;
				COPY_PHASE_STRIP = NO;
				DEBUG_INFORMATION_FORMAT = "dwarf-with-dsym";
				ENABLE_NS_ASSERTIONS = NO;
				ENABLE_STRICT_OBJC_MSGSEND = YES;
				GCC_C_LANGUAGE_STANDARD = gnu11;
				GCC_NO_COMMON_BLOCKS = YES;
				GCC_WARN_64_TO_32_BIT_CONVERSION = YES;
				GCC_WARN_ABOUT_RETURN_TYPE = YES_ERROR;
				GCC_WARN_UNDECLARED_SELECTOR = YES;
				GCC_WARN_UNINITIALIZED_AUTOS = YES_AGGRESSIVE;
				GCC_WARN_UNUSED_FUNCTION = YES;
				GCC_WARN_UNUSED_VARIABLE = YES;
				IPHONEOS_DEPLOYMENT_TARGET = 16.2;
				MTL_ENABLE_DEBUG_INFO = NO;
				MTL_FAST_MATH = YES;
				SDKROOT = iphoneos;
				SWIFT_COMPILATION_MODE = wholemodule;
				SWIFT_OPTIMIZATION_LEVEL = "-O";
				VALIDATE_PRODUCT = YES;
			};
			name = Release;
		};
		3A767DE9298FD90100693D04 /* Debug */ = {
			isa = XCBuildConfiguration;
			buildSettings = {
				ASSETCATALOG_COMPILER_APPICON_NAME = AppIcon;
				ASSETCATALOG_COMPILER_GLOBAL_ACCENT_COLOR_NAME = AccentColor;
				CODE_SIGN_STYLE = Automatic;
				CURRENT_PROJECT_VERSION = 1;
				DEVELOPMENT_TEAM = 6TL266BT36;
				GENERATE_INFOPLIST_FILE = YES;
				INFOPLIST_FILE = WeatherApp/Info.plist;
				INFOPLIST_KEY_UIApplicationSupportsIndirectInputEvents = YES;
				INFOPLIST_KEY_UILaunchStoryboardName = LaunchScreen;
				INFOPLIST_KEY_UIMainStoryboardFile = Main;
				INFOPLIST_KEY_UIStatusBarStyle = "";
				INFOPLIST_KEY_UISupportedInterfaceOrientations = UIInterfaceOrientationPortrait;
				INFOPLIST_KEY_UISupportedInterfaceOrientations_iPad = "UIInterfaceOrientationLandscapeLeft UIInterfaceOrientationLandscapeRight UIInterfaceOrientationPortrait UIInterfaceOrientationPortraitUpsideDown";
				LD_RUNPATH_SEARCH_PATHS = (
					"$(inherited)",
					"@executable_path/Frameworks",
				);
				MARKETING_VERSION = 1.0;
				PRODUCT_BUNDLE_IDENTIFIER = ru.AntAbramov.WeatherApp;
				PRODUCT_NAME = "$(TARGET_NAME)";
				SWIFT_EMIT_LOC_STRINGS = YES;
				SWIFT_VERSION = 5.0;
				TARGETED_DEVICE_FAMILY = "1,2";
			};
			name = Debug;
		};
		3A767DEA298FD90100693D04 /* Release */ = {
			isa = XCBuildConfiguration;
			buildSettings = {
				ASSETCATALOG_COMPILER_APPICON_NAME = AppIcon;
				ASSETCATALOG_COMPILER_GLOBAL_ACCENT_COLOR_NAME = AccentColor;
				CODE_SIGN_STYLE = Automatic;
				CURRENT_PROJECT_VERSION = 1;
				DEVELOPMENT_TEAM = 6TL266BT36;
				GENERATE_INFOPLIST_FILE = YES;
				INFOPLIST_FILE = WeatherApp/Info.plist;
				INFOPLIST_KEY_UIApplicationSupportsIndirectInputEvents = YES;
				INFOPLIST_KEY_UILaunchStoryboardName = LaunchScreen;
				INFOPLIST_KEY_UIMainStoryboardFile = Main;
				INFOPLIST_KEY_UIStatusBarStyle = "";
				INFOPLIST_KEY_UISupportedInterfaceOrientations = UIInterfaceOrientationPortrait;
				INFOPLIST_KEY_UISupportedInterfaceOrientations_iPad = "UIInterfaceOrientationLandscapeLeft UIInterfaceOrientationLandscapeRight UIInterfaceOrientationPortrait UIInterfaceOrientationPortraitUpsideDown";
				LD_RUNPATH_SEARCH_PATHS = (
					"$(inherited)",
					"@executable_path/Frameworks",
				);
				MARKETING_VERSION = 1.0;
				PRODUCT_BUNDLE_IDENTIFIER = ru.AntAbramov.WeatherApp;
				PRODUCT_NAME = "$(TARGET_NAME)";
				SWIFT_EMIT_LOC_STRINGS = YES;
				SWIFT_VERSION = 5.0;
				TARGETED_DEVICE_FAMILY = "1,2";
			};
			name = Release;
		};
/* End XCBuildConfiguration section */

/* Begin XCConfigurationList section */
		3A767DCF298FD8FF00693D04 /* Build configuration list for PBXProject "WeatherApp" */ = {
			isa = XCConfigurationList;
			buildConfigurations = (
				3A767DE6298FD90100693D04 /* Debug */,
				3A767DE7298FD90100693D04 /* Release */,
			);
			defaultConfigurationIsVisible = 0;
			defaultConfigurationName = Release;
		};
		3A767DE8298FD90100693D04 /* Build configuration list for PBXNativeTarget "WeatherApp" */ = {
			isa = XCConfigurationList;
			buildConfigurations = (
				3A767DE9298FD90100693D04 /* Debug */,
				3A767DEA298FD90100693D04 /* Release */,
			);
			defaultConfigurationIsVisible = 0;
			defaultConfigurationName = Release;
		};
/* End XCConfigurationList section */
	};
	rootObject = 3A767DCC298FD8FF00693D04 /* Project object */;
}
